
Microsoft Visual Studio Solution File, Format Version 12.00
# Visual Studio Version 17
VisualStudioVersion = 17.0.32112.339
MinimumVisualStudioVersion = 10.0.40219.1
Project("{FAE04EC0-301F-11D3-BF4B-00C04F79EFBC}") = "Dominisoft.Nokates.LogsAndMetrics", "Dominisoft.Nokates.LogsAndMetrics\Dominisoft.Nokates.LogsAndMetrics.csproj", "{0B7BDD6B-81D9-4902-8764-A68A756C4155}"
EndProject
Project("{FAE04EC0-301F-11D3-BF4B-00C04F79EFBC}") = "Dominisoft.Nokates.LogsAndMetrics.Tests", "Dominisoft.Nokates.LogsAndMetrics.Tests\Dominisoft.Nokates.LogsAndMetrics.Tests.csproj", "{FACDDAA2-86B3-415B-B33A-F96B280E7774}"
EndProject
Project("{FAE04EC0-301F-11D3-BF4B-00C04F79EFBC}") = "Dominisoft.Nokates.LogsAndMetrics.Common", "Dominisoft.Nokates.LogsAndMetrics.Common\Dominisoft.Nokates.LogsAndMetrics.Common.csproj", "{C4E30F5A-BB7A-49E7-B742-2D38CE367B84}"
EndProject
Global
	GlobalSection(SolutionConfigurationPlatforms) = preSolution
		Debug|Any CPU = Debug|Any CPU
		Release|Any CPU = Release|Any CPU
	EndGlobalSection
	GlobalSection(ProjectConfigurationPlatforms) = postSolution
		{0B7BDD6B-81D9-4902-8764-A68A756C4155}.Debug|Any CPU.ActiveCfg = Debug|Any CPU
		{0B7BDD6B-81D9-4902-8764-A68A756C4155}.Debug|Any CPU.Build.0 = Debug|Any CPU
		{0B7BDD6B-81D9-4902-8764-A68A756C4155}.Release|Any CPU.ActiveCfg = Release|Any CPU
		{0B7BDD6B-81D9-4902-8764-A68A756C4155}.Release|Any CPU.Build.0 = Release|Any CPU
		{FACDDAA2-86B3-415B-B33A-F96B280E7774}.Debug|Any CPU.ActiveCfg = Debug|Any CPU
		{FACDDAA2-86B3-415B-B33A-F96B280E7774}.Debug|Any CPU.Build.0 = Debug|Any CPU
		{FACDDAA2-86B3-415B-B33A-F96B280E7774}.Release|Any CPU.ActiveCfg = Release|Any CPU
		{FACDDAA2-86B3-415B-B33A-F96B280E7774}.Release|Any CPU.Build.0 = Release|Any CPU
		{C4E30F5A-BB7A-49E7-B742-2D38CE367B84}.Debug|Any CPU.ActiveCfg = Debug|Any CPU
		{C4E30F5A-BB7A-49E7-B742-2D38CE367B84}.Debug|Any CPU.Build.0 = Debug|Any CPU
		{C4E30F5A-BB7A-49E7-B742-2D38CE367B84}.Release|Any CPU.ActiveCfg = Release|Any CPU
		{C4E30F5A-BB7A-49E7-B742-2D38CE367B84}.Release|Any CPU.Build.0 = Release|Any CPU
	EndGlobalSection
	GlobalSection(SolutionProperties) = preSolution
		HideSolutionNode = FALSE
	EndGlobalSection
	GlobalSection(ExtensibilityGlobals) = postSolution
		SolutionGuid = {3D5CEB99-22C3-40CC-AAD5-DA637FC0399D}
	EndGlobalSection
EndGlobal
